{
    "_readme": [
        "This file locks the dependencies of your project to a known state",
        "Read more about it at http://getcomposer.org/doc/01-basic-usage.md#composer-lock-the-lock-file"
    ],
    "hash": "49685a174b3ab8a921378e3694147081",
    "packages": [
        {
            "name": "facebook/xhprof",
            "version": "dev-master",
            "source": {
                "type": "git",
                "url": "https://github.com/facebook/xhprof.git",
                "reference": "ec8b884ffdae5dfa5e1e271ab6762115123989c5"
            },
            "dist": {
                "type": "zip",
                "url": "https://api.github.com/repos/facebook/xhprof/zipball/ec8b884ffdae5dfa5e1e271ab6762115123989c5",
                "reference": "ec8b884ffdae5dfa5e1e271ab6762115123989c5",
                "shasum": ""
            },
            "require": {
                "php": ">=5.2.0"
            },
            "type": "library",
            "autoload": {
                "files": [
                    "xhprof_lib/utils/xhprof_lib.php",
                    "xhprof_lib/utils/xhprof_runs.php"
                ]
            },
            "notification-url": "https://packagist.org/downloads/",
            "license": [
                "Apache-2.0"
            ],
            "description": "XHProf: A Hierarchical Profiler for PHP",
            "homepage": "http://pecl.php.net/package/xhprof",
            "keywords": [
                "performance",
                "profiling"
            ],
            "time": "2013-08-09 16:22:45"
        },
        {
            "name": "predis/predis",
            "version": "v0.8.5",
            "source": {
                "type": "git",
                "url": "https://github.com/nrk/predis.git",
                "reference": "5f2eea628eb465d866ad2771927d83769c8f956c"
            },
            "dist": {
                "type": "zip",
                "url": "https://api.github.com/repos/nrk/predis/zipball/5f2eea628eb465d866ad2771927d83769c8f956c",
                "reference": "5f2eea628eb465d866ad2771927d83769c8f956c",
                "shasum": ""
            },
            "require": {
                "php": ">=5.3.2"
            },
            "suggest": {
                "ext-curl": "Allows access to Webdis when paired with phpiredis",
                "ext-phpiredis": "Allows faster serialization and deserialization of the Redis protocol"
            },
            "type": "library",
            "autoload": {
                "psr-0": {
                    "Predis": "lib/"
                }
            },
            "notification-url": "https://packagist.org/downloads/",
            "license": [
                "MIT"
            ],
            "authors": [
                {
                    "name": "Daniele Alessandri",
                    "email": "suppakilla@gmail.com",
                    "homepage": "http://clorophilla.net"
                }
            ],
            "description": "Flexible and feature-complete PHP client library for Redis",
            "homepage": "http://github.com/nrk/predis",
            "keywords": [
                "nosql",
                "predis",
                "redis"
            ],
            "time": "2014-01-16 14:10:29"
        }
    ],
    "packages-dev": [

    ],
    "aliases": [

    ],
    "minimum-stability": "stable",
    "stability-flags": {
        "facebook/xhprof": 20
    },
    "platform": [

    ],
    "platform-dev": [

    ]
}
